// !$*UTF8*$!
{
	archiveVersion = 1;
	classes = {
	};
	objectVersion = 56;
	objects = {

/* Begin PBXBuildFile section */
		3A0000000000000000000001 /* TrainingApp.swift in Sources */ = {isa = PBXBuildFile; fileRef = 2A0000000000000000000001 /* TrainingApp.swift */; };
		3A0000000000000000000002 /* WebShell.swift in Sources */ = {isa = PBXBuildFile; fileRef = 2A0000000000000000000002 /* WebShell.swift */; };
		3A0000000000000000000003 /* Bridge.swift in Sources */ = {isa = PBXBuildFile; fileRef = 2A0000000000000000000003 /* Bridge.swift */; };
		3A0000000000000000000004 /* Store.swift in Sources */ = {isa = PBXBuildFile; fileRef = 2A0000000000000000000004 /* Store.swift */; };
		3A0000000000000000000005 /* WebUpdater.swift in Sources */ = {isa = PBXBuildFile; fileRef = 2A0000000000000000000005 /* WebUpdater.swift */; };
		3A0000000000000000000006 /* Log.swift in Sources */ = {isa = PBXBuildFile; fileRef = 2A0000000000000000000006 /* Log.swift */; };
		3A000000000000000000000B /* Health.swift in Sources */ = {isa = PBXBuildFile; fileRef = 2A000000000000000000000B /* Health.swift */; };
		3A0000000000000000000021 /* Toene.swift in Sources */ = {isa = PBXBuildFile; fileRef = 2A0000000000000000000021 /* Toene.swift */; };
		3A000000000000000000000D /* Live.swift in Sources */ = {isa = PBXBuildFile; fileRef = 2A000000000000000000000D /* Live.swift */; };
		3A000000000000000000000E /* LiveAttributes.swift in Sources */ = {isa = PBXBuildFile; fileRef = 2A000000000000000000000E /* LiveAttributes.swift */; };
		3A000000000000000000000F /* LiveAttributes.swift in Sources */ = {isa = PBXBuildFile; fileRef = 2A000000000000000000000E /* LiveAttributes.swift */; };
		3A0000000000000000000010 /* TrainingLive.swift in Sources */ = {isa = PBXBuildFile; fileRef = 2A0000000000000000000010 /* TrainingLive.swift */; };
		3A0000000000000000000012 /* TrainingLive.appex in Embed Foundation Extensions */ = {isa = PBXBuildFile; fileRef = 1A0000000000000000000012 /* TrainingLive.appex */; settings = {ATTRIBUTES = (RemoveHeadersOnCopy, ); }; };
		3A0000000000000000000007 /* Bridge.js in Resources */ = {isa = PBXBuildFile; fileRef = 2A0000000000000000000007 /* Bridge.js */; };
		3A0000000000000000000008 /* Assets.xcassets in Resources */ = {isa = PBXBuildFile; fileRef = 2A0000000000000000000008 /* Assets.xcassets */; };
		3A000000000000000000000A /* web in Resources */ = {isa = PBXBuildFile; fileRef = 2A000000000000000000000A /* web */; };
/* End PBXBuildFile section */

/* Begin PBXContainerItemProxy section */
		1A0000000000000000000052 /* PBXContainerItemProxy */ = {
			isa = PBXContainerItemProxy;
			containerPortal = 1A0000000000000000000001 /* Project object */;
			proxyType = 1;
			remoteGlobalIDString = 1A0000000000000000000050;
			remoteInfo = TrainingLive;
		};
/* End PBXContainerItemProxy section */

/* Begin PBXFileReference section */
		1A0000000000000000000011 /* Training.app */ = {isa = PBXFileReference; explicitFileType = wrapper.application; includeInIndex = 0; path = Training.app; sourceTree = BUILT_PRODUCTS_DIR; };
		2A0000000000000000000001 /* TrainingApp.swift */ = {isa = PBXFileReference; lastKnownFileType = sourcecode.swift; path = TrainingApp.swift; sourceTree = "<group>"; };
		2A0000000000000000000002 /* WebShell.swift */ = {isa = PBXFileReference; lastKnownFileType = sourcecode.swift; path = WebShell.swift; sourceTree = "<group>"; };
		2A0000000000000000000003 /* Bridge.swift */ = {isa = PBXFileReference; lastKnownFileType = sourcecode.swift; path = Bridge.swift; sourceTree = "<group>"; };
		2A0000000000000000000004 /* Store.swift */ = {isa = PBXFileReference; lastKnownFileType = sourcecode.swift; path = Store.swift; sourceTree = "<group>"; };
		2A0000000000000000000005 /* WebUpdater.swift */ = {isa = PBXFileReference; lastKnownFileType = sourcecode.swift; path = WebUpdater.swift; sourceTree = "<group>"; };
		2A0000000000000000000006 /* Log.swift */ = {isa = PBXFileReference; lastKnownFileType = sourcecode.swift; path = Log.swift; sourceTree = "<group>"; };
		2A0000000000000000000007 /* Bridge.js */ = {isa = PBXFileReference; lastKnownFileType = sourcecode.javascript; name = Bridge.js; path = Resources/Bridge.js; sourceTree = "<group>"; };
		2A0000000000000000000008 /* Assets.xcassets */ = {isa = PBXFileReference; lastKnownFileType = folder.assetcatalog; path = Assets.xcassets; sourceTree = "<group>"; };
		2A0000000000000000000009 /* Info.plist */ = {isa = PBXFileReference; lastKnownFileType = text.plist.xml; path = Info.plist; sourceTree = "<group>"; };
		2A000000000000000000000A /* web */ = {isa = PBXFileReference; lastKnownFileType = folder; path = web; sourceTree = "<group>"; };
		2A000000000000000000000B /* Health.swift */ = {isa = PBXFileReference; lastKnownFileType = sourcecode.swift; path = Health.swift; sourceTree = "<group>"; };
		2A0000000000000000000021 /* Toene.swift */ = {isa = PBXFileReference; lastKnownFileType = sourcecode.swift; path = Toene.swift; sourceTree = "<group>"; };
		1A0000000000000000000012 /* TrainingLive.appex */ = {isa = PBXFileReference; explicitFileType = "wrapper.app-extension"; includeInIndex = 0; path = TrainingLive.appex; sourceTree = BUILT_PRODUCTS_DIR; };
		2A000000000000000000000D /* Live.swift */ = {isa = PBXFileReference; lastKnownFileType = sourcecode.swift; path = Live.swift; sourceTree = "<group>"; };
		2A000000000000000000000E /* LiveAttributes.swift */ = {isa = PBXFileReference; lastKnownFileType = sourcecode.swift; path = LiveAttributes.swift; sourceTree = "<group>"; };
		2A0000000000000000000010 /* TrainingLive.swift */ = {isa = PBXFileReference; lastKnownFileType = sourcecode.swift; path = TrainingLive.swift; sourceTree = "<group>"; };
		2A0000000000000000000011 /* Info.plist */ = {isa = PBXFileReference; lastKnownFileType = text.plist.xml; path = Info.plist; sourceTree = "<group>"; };
		2A000000000000000000000C /* Training.entitlements */ = {isa = PBXFileReference; lastKnownFileType = text.plist.entitlements; path = Training.entitlements; sourceTree = "<group>"; };
/* End PBXFileReference section */

/* Begin PBXCopyFilesBuildPhase section */
		1A0000000000000000000042 /* Embed Foundation Extensions */ = {
			isa = PBXCopyFilesBuildPhase;
			buildActionMask = 2147483647;
			dstPath = "";
			dstSubfolderSpec = 13;
			files = (
				3A0000000000000000000012 /* TrainingLive.appex in Embed Foundation Extensions */,
			);
			name = "Embed Foundation Extensions";
			runOnlyForDeploymentPostprocessing = 0;
		};
/* End PBXCopyFilesBuildPhase section */

/* Begin PBXFrameworksBuildPhase section */
		1A0000000000000000000031 /* Frameworks */ = {
			isa = PBXFrameworksBuildPhase;
			buildActionMask = 2147483647;
			files = (
			);
			runOnlyForDeploymentPostprocessing = 0;
		};
		1A0000000000000000000041 /* Frameworks */ = {
			isa = PBXFrameworksBuildPhase;
			buildActionMask = 2147483647;
			files = (
			);
			runOnlyForDeploymentPostprocessing = 0;
		};
/* End PBXFrameworksBuildPhase section */

/* Begin PBXGroup section */
		1A0000000000000000000002 = {
			isa = PBXGroup;
			children = (
				1A0000000000000000000004 /* Training */,
				1A0000000000000000000005 /* TrainingLive */,
				1A0000000000000000000003 /* Products */,
			);
			sourceTree = "<group>";
		};
		1A0000000000000000000003 /* Products */ = {
			isa = PBXGroup;
			children = (
				1A0000000000000000000011 /* Training.app */,
				1A0000000000000000000012 /* TrainingLive.appex */,
			);
			name = Products;
			sourceTree = "<group>";
		};
		1A0000000000000000000004 /* Training */ = {
			isa = PBXGroup;
			children = (
				2A0000000000000000000001 /* TrainingApp.swift */,
				2A0000000000000000000002 /* WebShell.swift */,
				2A0000000000000000000003 /* Bridge.swift */,
				2A0000000000000000000004 /* Store.swift */,
				2A0000000000000000000005 /* WebUpdater.swift */,
				2A0000000000000000000006 /* Log.swift */,
				2A000000000000000000000B /* Health.swift */,
				2A0000000000000000000021 /* Toene.swift */,
				2A000000000000000000000D /* Live.swift */,
				2A000000000000000000000E /* LiveAttributes.swift */,
				2A000000000000000000000C /* Training.entitlements */,
				2A0000000000000000000007 /* Bridge.js */,
				2A000000000000000000000A /* web */,
				2A0000000000000000000008 /* Assets.xcassets */,
				2A0000000000000000000009 /* Info.plist */,
			);
			path = Training;
			sourceTree = "<group>";
		};
		1A0000000000000000000005 /* TrainingLive */ = {
			isa = PBXGroup;
			children = (
				2A0000000000000000000010 /* TrainingLive.swift */,
				2A0000000000000000000011 /* Info.plist */,
			);
			path = TrainingLive;
			sourceTree = "<group>";
		};
/* End PBXGroup section */

/* Begin PBXNativeTarget section */
		1A0000000000000000000010 /* Training */ = {
			isa = PBXNativeTarget;
			buildConfigurationList = 1A0000000000000000000021 /* Build configuration list for PBXNativeTarget "Training" */;
			buildPhases = (
				1A0000000000000000000033 /* Sync web app */,
				1A0000000000000000000030 /* Sources */,
				1A0000000000000000000031 /* Frameworks */,
				1A0000000000000000000032 /* Resources */,
				1A0000000000000000000042 /* Embed Foundation Extensions */,
			);
			buildRules = (
			);
			dependencies = (
				1A0000000000000000000051 /* PBXTargetDependency */,
			);
			name = Training;
			productName = Training;
			productReference = 1A0000000000000000000011 /* Training.app */;
			productType = "com.apple.product-type.application";
		};
		1A0000000000000000000050 /* TrainingLive */ = {
			isa = PBXNativeTarget;
			buildConfigurationList = 1A0000000000000000000026 /* Build configuration list for PBXNativeTarget "TrainingLive" */;
			buildPhases = (
				1A0000000000000000000040 /* Sources */,
				1A0000000000000000000041 /* Frameworks */,
			);
			buildRules = (
			);
			dependencies = (
			);
			name = TrainingLive;
			productName = TrainingLive;
			productReference = 1A0000000000000000000012 /* TrainingLive.appex */;
			productType = "com.apple.product-type.app-extension";
		};
/* End PBXNativeTarget section */

/* Begin PBXProject section */
		1A0000000000000000000001 /* Project object */ = {
			isa = PBXProject;
			attributes = {
				BuildIndependentTargetsInParallel = 1;
				LastSwiftUpdateCheck = 2600;
				LastUpgradeCheck = 2600;
				TargetAttributes = {
					1A0000000000000000000010 = {
						CreatedOnToolsVersion = 26.0;
					};
					1A0000000000000000000050 = {
						CreatedOnToolsVersion = 26.0;
					};
				};
			};
			buildConfigurationList = 1A0000000000000000000020 /* Build configuration list for PBXProject "Training" */;
			compatibilityVersion = "Xcode 14.0";
			developmentRegion = de;
			hasScannedForEncodings = 0;
			knownRegions = (
				de,
				Base,
			);
			mainGroup = 1A0000000000000000000002;
			productRefGroup = 1A0000000000000000000003 /* Products */;
			projectDirPath = "";
			projectRoot = "";
			targets = (
				1A0000000000000000000010 /* Training */,
				1A0000000000000000000050 /* TrainingLive */,
			);
		};
/* End PBXProject section */

/* Begin PBXResourcesBuildPhase section */
		1A0000000000000000000032 /* Resources */ = {
			isa = PBXResourcesBuildPhase;
			buildActionMask = 2147483647;
			files = (
				3A0000000000000000000008 /* Assets.xcassets in Resources */,
				3A000000000000000000000A /* web in Resources */,
				3A0000000000000000000007 /* Bridge.js in Resources */,
			);
			runOnlyForDeploymentPostprocessing = 0;
		};
/* End PBXResourcesBuildPhase section */

/* Begin PBXShellScriptBuildPhase section */
		1A0000000000000000000033 /* Sync web app */ = {
			isa = PBXShellScriptBuildPhase;
			buildActionMask = 2147483647;
			files = (
			);
			inputFileListPaths = (
			);
			inputPaths = (
				"$(SRCROOT)/../index.html",
				"$(SRCROOT)/../sw.js",
				"$(SRCROOT)/../manifest.webmanifest",
				"$(SRCROOT)/../icon-192.png",
				"$(SRCROOT)/../icon-512.png",
				"$(SRCROOT)/../apple-touch-icon.png",
			);
			name = "Sync web app";
			outputFileListPaths = (
			);
			outputPaths = (
				"$(SRCROOT)/Training/web/index.html",
				"$(SRCROOT)/Training/web/sw.js",
				"$(SRCROOT)/Training/web/manifest.webmanifest",
				"$(SRCROOT)/Training/web/icon-192.png",
				"$(SRCROOT)/Training/web/icon-512.png",
				"$(SRCROOT)/Training/web/apple-touch-icon.png",
			);
			runOnlyForDeploymentPostprocessing = 0;
			shellPath = /bin/sh;
			shellScript = "\"$SRCROOT/sync-web.sh\"\n";
		};
/* End PBXShellScriptBuildPhase section */

/* Begin PBXTargetDependency section */
		1A0000000000000000000051 /* PBXTargetDependency */ = {
			isa = PBXTargetDependency;
			target = 1A0000000000000000000050 /* TrainingLive */;
			targetProxy = 1A0000000000000000000052 /* PBXContainerItemProxy */;
		};
/* End PBXTargetDependency section */

/* Begin PBXSourcesBuildPhase section */
		1A0000000000000000000030 /* Sources */ = {
			isa = PBXSourcesBuildPhase;
			buildActionMask = 2147483647;
			files = (
				3A0000000000000000000001 /* TrainingApp.swift in Sources */,
				3A0000000000000000000002 /* WebShell.swift in Sources */,
				3A0000000000000000000003 /* Bridge.swift in Sources */,
				3A0000000000000000000004 /* Store.swift in Sources */,
				3A0000000000000000000005 /* WebUpdater.swift in Sources */,
				3A0000000000000000000006 /* Log.swift in Sources */,
				3A000000000000000000000B /* Health.swift in Sources */,
				3A0000000000000000000021 /* Toene.swift in Sources */,
				3A000000000000000000000D /* Live.swift in Sources */,
				3A000000000000000000000E /* LiveAttributes.swift in Sources */,
			);
			runOnlyForDeploymentPostprocessing = 0;
		};
		1A0000000000000000000040 /* Sources */ = {
			isa = PBXSourcesBuildPhase;
			buildActionMask = 2147483647;
			files = (
				3A0000000000000000000010 /* TrainingLive.swift in Sources */,
				3A000000000000000000000F /* LiveAttributes.swift in Sources */,
			);
			runOnlyForDeploymentPostprocessing = 0;
		};
/* End PBXSourcesBuildPhase section */

/* Begin XCBuildConfiguration section */
		1A0000000000000000000022 /* Debug */ = {
			isa = XCBuildConfiguration;
			buildSettings = {
				ALWAYS_SEARCH_USER_PATHS = NO;
				CLANG_ENABLE_MODULES = YES;
				CLANG_ENABLE_OBJC_ARC = YES;
				COPY_PHASE_STRIP = NO;
				DEBUG_INFORMATION_FORMAT = dwarf;
				ENABLE_STRICT_OBJC_MSGSEND = YES;
				ENABLE_TESTABILITY = YES;
				ENABLE_USER_SCRIPT_SANDBOXING = NO;
				GCC_C_LANGUAGE_STANDARD = gnu17;
				GCC_DYNAMIC_NO_PIC = NO;
				GCC_NO_COMMON_BLOCKS = YES;
				GCC_OPTIMIZATION_LEVEL = 0;
				GCC_PREPROCESSOR_DEFINITIONS = (
					"DEBUG=1",
					"$(inherited)",
				);
				GCC_WARN_UNDECLARED_SELECTOR = YES;
				GCC_WARN_UNINITIALIZED_AUTOS = YES_AGGRESSIVE;
				GCC_WARN_UNUSED_FUNCTION = YES;
				GCC_WARN_UNUSED_VARIABLE = YES;
				IPHONEOS_DEPLOYMENT_TARGET = 17.0;
				MTL_ENABLE_DEBUG_INFO = INCLUDE_SOURCE;
				MTL_FAST_MATH = YES;
				ONLY_ACTIVE_ARCH = YES;
				SDKROOT = iphoneos;
				SWIFT_ACTIVE_COMPILATION_CONDITIONS = "DEBUG $(inherited)";
				SWIFT_OPTIMIZATION_LEVEL = "-Onone";
				SWIFT_VERSION = 5.0;
			};
			name = Debug;
		};
		1A0000000000000000000023 /* Release */ = {
			isa = XCBuildConfiguration;
			buildSettings = {
				ALWAYS_SEARCH_USER_PATHS = NO;
				CLANG_ENABLE_MODULES = YES;
				CLANG_ENABLE_OBJC_ARC = YES;
				COPY_PHASE_STRIP = NO;
				DEBUG_INFORMATION_FORMAT = "dwarf-with-dsym";
				ENABLE_NS_ASSERTIONS = NO;
				ENABLE_STRICT_OBJC_MSGSEND = YES;
				ENABLE_USER_SCRIPT_SANDBOXING = NO;
				GCC_C_LANGUAGE_STANDARD = gnu17;
				GCC_NO_COMMON_BLOCKS = YES;
				GCC_WARN_UNDECLARED_SELECTOR = YES;
				GCC_WARN_UNINITIALIZED_AUTOS = YES_AGGRESSIVE;
				GCC_WARN_UNUSED_FUNCTION = YES;
				GCC_WARN_UNUSED_VARIABLE = YES;
				IPHONEOS_DEPLOYMENT_TARGET = 17.0;
				MTL_ENABLE_DEBUG_INFO = NO;
				MTL_FAST_MATH = YES;
				SDKROOT = iphoneos;
				SWIFT_COMPILATION_MODE = wholemodule;
				SWIFT_OPTIMIZATION_LEVEL = "-O";
				SWIFT_VERSION = 5.0;
				VALIDATE_PRODUCT = YES;
			};
			name = Release;
		};
		1A0000000000000000000024 /* Debug */ = {
			isa = XCBuildConfiguration;
			buildSettings = {
				ASSETCATALOG_COMPILER_APPICON_NAME = AppIcon;
				CODE_SIGN_ENTITLEMENTS = Training/Training.entitlements;
				CODE_SIGN_STYLE = Automatic;
				CURRENT_PROJECT_VERSION = 1;
				DEVELOPMENT_TEAM = "";
				ENABLE_PREVIEWS = NO;
				GENERATE_INFOPLIST_FILE = NO;
				INFOPLIST_FILE = Training/Info.plist;
				LD_RUNPATH_SEARCH_PATHS = (
					"$(inherited)",
					"@executable_path/Frameworks",
				);
				MARKETING_VERSION = 1.0;
				PRODUCT_BUNDLE_IDENTIFIER = de.besemedia.training;
				PRODUCT_NAME = "$(TARGET_NAME)";
				SWIFT_EMIT_LOC_STRINGS = NO;
				TARGETED_DEVICE_FAMILY = 1;
			};
			name = Debug;
		};
		1A0000000000000000000025 /* Release */ = {
			isa = XCBuildConfiguration;
			buildSettings = {
				ASSETCATALOG_COMPILER_APPICON_NAME = AppIcon;
				CODE_SIGN_ENTITLEMENTS = Training/Training.entitlements;
				CODE_SIGN_STYLE = Automatic;
				CURRENT_PROJECT_VERSION = 1;
				DEVELOPMENT_TEAM = "";
				ENABLE_PREVIEWS = NO;
				GENERATE_INFOPLIST_FILE = NO;
				INFOPLIST_FILE = Training/Info.plist;
				LD_RUNPATH_SEARCH_PATHS = (
					"$(inherited)",
					"@executable_path/Frameworks",
				);
				MARKETING_VERSION = 1.0;
				PRODUCT_BUNDLE_IDENTIFIER = de.besemedia.training;
				PRODUCT_NAME = "$(TARGET_NAME)";
				SWIFT_EMIT_LOC_STRINGS = NO;
				TARGETED_DEVICE_FAMILY = 1;
			};
			name = Release;
		};
		1A0000000000000000000027 /* Debug */ = {
			isa = XCBuildConfiguration;
			buildSettings = {
				CODE_SIGN_STYLE = Automatic;
				CURRENT_PROJECT_VERSION = 1;
				DEVELOPMENT_TEAM = "";
				GENERATE_INFOPLIST_FILE = NO;
				INFOPLIST_FILE = TrainingLive/Info.plist;
				INFOPLIST_KEY_CFBundleDisplayName = Training;
				IPHONEOS_DEPLOYMENT_TARGET = 17.0;
				LD_RUNPATH_SEARCH_PATHS = (
					"$(inherited)",
					"@executable_path/Frameworks",
					"@executable_path/../../Frameworks",
				);
				MARKETING_VERSION = 1.0;
				PRODUCT_BUNDLE_IDENTIFIER = de.besemedia.training.live;
				PRODUCT_NAME = "$(TARGET_NAME)";
				SKIP_INSTALL = YES;
				SWIFT_EMIT_LOC_STRINGS = NO;
				TARGETED_DEVICE_FAMILY = 1;
			};
			name = Debug;
		};
		1A0000000000000000000028 /* Release */ = {
			isa = XCBuildConfiguration;
			buildSettings = {
				CODE_SIGN_STYLE = Automatic;
				CURRENT_PROJECT_VERSION = 1;
				DEVELOPMENT_TEAM = "";
				GENERATE_INFOPLIST_FILE = NO;
				INFOPLIST_FILE = TrainingLive/Info.plist;
				INFOPLIST_KEY_CFBundleDisplayName = Training;
				IPHONEOS_DEPLOYMENT_TARGET = 17.0;
				LD_RUNPATH_SEARCH_PATHS = (
					"$(inherited)",
					"@executable_path/Frameworks",
					"@executable_path/../../Frameworks",
				);
				MARKETING_VERSION = 1.0;
				PRODUCT_BUNDLE_IDENTIFIER = de.besemedia.training.live;
				PRODUCT_NAME = "$(TARGET_NAME)";
				SKIP_INSTALL = YES;
				SWIFT_EMIT_LOC_STRINGS = NO;
				TARGETED_DEVICE_FAMILY = 1;
			};
			name = Release;
		};
/* End XCBuildConfiguration section */

/* Begin XCConfigurationList section */
		1A0000000000000000000020 /* Build configuration list for PBXProject "Training" */ = {
			isa = XCConfigurationList;
			buildConfigurations = (
				1A0000000000000000000022 /* Debug */,
				1A0000000000000000000023 /* Release */,
			);
			defaultConfigurationIsVisible = 0;
			defaultConfigurationName = Release;
		};
		1A0000000000000000000021 /* Build configuration list for PBXNativeTarget "Training" */ = {
			isa = XCConfigurationList;
			buildConfigurations = (
				1A0000000000000000000024 /* Debug */,
				1A0000000000000000000025 /* Release */,
			);
			defaultConfigurationIsVisible = 0;
			defaultConfigurationName = Release;
		};
		1A0000000000000000000026 /* Build configuration list for PBXNativeTarget "TrainingLive" */ = {
			isa = XCConfigurationList;
			buildConfigurations = (
				1A0000000000000000000027 /* Debug */,
				1A0000000000000000000028 /* Release */,
			);
			defaultConfigurationIsVisible = 0;
			defaultConfigurationName = Release;
		};
/* End XCConfigurationList section */
	};
	rootObject = 1A0000000000000000000001 /* Project object */;
}
